// !$*UTF8*$!
{
	archiveVersion = 1;
	classes = {
	};
	objectVersion = 56;
	objects = {

/* Begin PBXBuildFile section */
		654706242C62F2290046A442 /* RoseAndCrownApp.swift in Sources */ = {isa = PBXBuildFile; fileRef = 654706232C62F2290046A442 /* RoseAndCrownApp.swift */; };
		654706282C62F22A0046A442 /* Assets.xcassets in Resources */ = {isa = PBXBuildFile; fileRef = 654706272C62F22A0046A442 /* Assets.xcassets */; };
		6547062B2C62F22A0046A442 /* Preview Assets.xcassets in Resources */ = {isa = PBXBuildFile; fileRef = 6547062A2C62F22A0046A442 /* Preview Assets.xcassets */; };
		654706322C636FCC0046A442 /* ViewModel.swift in Sources */ = {isa = PBXBuildFile; fileRef = 654706312C636FCC0046A442 /* ViewModel.swift */; };
		654706342C6372E90046A442 /* BarItem.swift in Sources */ = {isa = PBXBuildFile; fileRef = 654706332C6372E90046A442 /* BarItem.swift */; };
		65634FCD2C656ABE00145B7C /* TabItem.swift in Sources */ = {isa = PBXBuildFile; fileRef = 65634FCC2C656ABE00145B7C /* TabItem.swift */; };
		65634FD32C65726D00145B7C /* InitialView.swift in Sources */ = {isa = PBXBuildFile; fileRef = 65634FD22C65726D00145B7C /* InitialView.swift */; };
		65634FD52C65746900145B7C /* BarItemsView.swift in Sources */ = {isa = PBXBuildFile; fileRef = 65634FD42C65746900145B7C /* BarItemsView.swift */; };
		65634FD72C65748200145B7C /* TabItemsView.swift in Sources */ = {isa = PBXBuildFile; fileRef = 65634FD62C65748200145B7C /* TabItemsView.swift */; };
		65634FF92C697D8500145B7C /* SettingsView.swift in Sources */ = {isa = PBXBuildFile; fileRef = 65634FF82C697D8500145B7C /* SettingsView.swift */; };
/* End PBXBuildFile section */

/* Begin PBXFileReference section */
		654706202C62F2290046A442 /* RoseAndCrown.app */ = {isa = PBXFileReference; explicitFileType = wrapper.application; includeInIndex = 0; path = RoseAndCrown.app; sourceTree = BUILT_PRODUCTS_DIR; };
		654706232C62F2290046A442 /* RoseAndCrownApp.swift */ = {isa = PBXFileReference; lastKnownFileType = sourcecode.swift; path = RoseAndCrownApp.swift; sourceTree = "<group>"; };
		654706272C62F22A0046A442 /* Assets.xcassets */ = {isa = PBXFileReference; lastKnownFileType = folder.assetcatalog; path = Assets.xcassets; sourceTree = "<group>"; };
		6547062A2C62F22A0046A442 /* Preview Assets.xcassets */ = {isa = PBXFileReference; lastKnownFileType = folder.assetcatalog; path = "Preview Assets.xcassets"; sourceTree = "<group>"; };
		654706312C636FCC0046A442 /* ViewModel.swift */ = {isa = PBXFileReference; lastKnownFileType = sourcecode.swift; path = ViewModel.swift; sourceTree = "<group>"; };
		654706332C6372E90046A442 /* BarItem.swift */ = {isa = PBXFileReference; lastKnownFileType = sourcecode.swift; path = BarItem.swift; sourceTree = "<group>"; };
		65634FCC2C656ABE00145B7C /* TabItem.swift */ = {isa = PBXFileReference; lastKnownFileType = sourcecode.swift; path = TabItem.swift; sourceTree = "<group>"; };
		65634FD22C65726D00145B7C /* InitialView.swift */ = {isa = PBXFileReference; lastKnownFileType = sourcecode.swift; path = InitialView.swift; sourceTree = "<group>"; };
		65634FD42C65746900145B7C /* BarItemsView.swift */ = {isa = PBXFileReference; lastKnownFileType = sourcecode.swift; path = BarItemsView.swift; sourceTree = "<group>"; };
		65634FD62C65748200145B7C /* TabItemsView.swift */ = {isa = PBXFileReference; lastKnownFileType = sourcecode.swift; path = TabItemsView.swift; sourceTree = "<group>"; };
		65634FF82C697D8500145B7C /* SettingsView.swift */ = {isa = PBXFileReference; lastKnownFileType = sourcecode.swift; path = SettingsView.swift; sourceTree = "<group>"; };
/* End PBXFileReference section */

/* Begin PBXFrameworksBuildPhase section */
		6547061D2C62F2290046A442 /* Frameworks */ = {
			isa = PBXFrameworksBuildPhase;
			buildActionMask = 2147483647;
			files = (
			);
			runOnlyForDeploymentPostprocessing = 0;
		};
/* End PBXFrameworksBuildPhase section */

/* Begin PBXGroup section */
		654706172C62F2290046A442 = {
			isa = PBXGroup;
			children = (
				654706222C62F2290046A442 /* RoseAndCrown */,
				654706212C62F2290046A442 /* Products */,
			);
			sourceTree = "<group>";
		};
		654706212C62F2290046A442 /* Products */ = {
			isa = PBXGroup;
			children = (
				654706202C62F2290046A442 /* RoseAndCrown.app */,
			);
			name = Products;
			sourceTree = "<group>";
		};
		654706222C62F2290046A442 /* RoseAndCrown */ = {
			isa = PBXGroup;
			children = (
				654706232C62F2290046A442 /* RoseAndCrownApp.swift */,
				65634FCE2C656B7800145B7C /* Models */,
				65634FD12C656BE800145B7C /* ViewModels */,
				65634FD02C656BD900145B7C /* Views */,
				654706272C62F22A0046A442 /* Assets.xcassets */,
				654706292C62F22A0046A442 /* Preview Content */,
			);
			path = RoseAndCrown;
			sourceTree = "<group>";
		};
		654706292C62F22A0046A442 /* Preview Content */ = {
			isa = PBXGroup;
			children = (
				6547062A2C62F22A0046A442 /* Preview Assets.xcassets */,
			);
			path = "Preview Content";
			sourceTree = "<group>";
		};
		65634FCE2C656B7800145B7C /* Models */ = {
			isa = PBXGroup;
			children = (
				654706332C6372E90046A442 /* BarItem.swift */,
				65634FCC2C656ABE00145B7C /* TabItem.swift */,
			);
			path = Models;
			sourceTree = "<group>";
		};
		65634FD02C656BD900145B7C /* Views */ = {
			isa = PBXGroup;
			children = (
				65634FD22C65726D00145B7C /* InitialView.swift */,
				65634FD42C65746900145B7C /* BarItemsView.swift */,
				65634FD62C65748200145B7C /* TabItemsView.swift */,
				65634FF82C697D8500145B7C /* SettingsView.swift */,
			);
			path = Views;
			sourceTree = "<group>";
		};
		65634FD12C656BE800145B7C /* ViewModels */ = {
			isa = PBXGroup;
			children = (
				654706312C636FCC0046A442 /* ViewModel.swift */,
			);
			path = ViewModels;
			sourceTree = "<group>";
		};
/* End PBXGroup section */

/* Begin PBXNativeTarget section */
		6547061F2C62F2290046A442 /* RoseAndCrown */ = {
			isa = PBXNativeTarget;
			buildConfigurationList = 6547062E2C62F22A0046A442 /* Build configuration list for PBXNativeTarget "RoseAndCrown" */;
			buildPhases = (
				6547061C2C62F2290046A442 /* Sources */,
				6547061D2C62F2290046A442 /* Frameworks */,
				6547061E2C62F2290046A442 /* Resources */,
			);
			buildRules = (
			);
			dependencies = (
			);
			name = RoseAndCrown;
			productName = RoseAndCrown;
			productReference = 654706202C62F2290046A442 /* RoseAndCrown.app */;
			productType = "com.apple.product-type.application";
		};
/* End PBXNativeTarget section */

/* Begin PBXProject section */
		654706182C62F2290046A442 /* Project object */ = {
			isa = PBXProject;
			attributes = {
				BuildIndependentTargetsInParallel = 1;
				LastSwiftUpdateCheck = 1540;
				LastUpgradeCheck = 1540;
				TargetAttributes = {
					6547061F2C62F2290046A442 = {
						CreatedOnToolsVersion = 15.4;
					};
				};
			};
			buildConfigurationList = 6547061B2C62F2290046A442 /* Build configuration list for PBXProject "RoseAndCrown" */;
			compatibilityVersion = "Xcode 14.0";
			developmentRegion = en;
			hasScannedForEncodings = 0;
			knownRegions = (
				en,
				Base,
			);
			mainGroup = 654706172C62F2290046A442;
			productRefGroup = 654706212C62F2290046A442 /* Products */;
			projectDirPath = "";
			projectRoot = "";
			targets = (
				6547061F2C62F2290046A442 /* RoseAndCrown */,
			);
		};
/* End PBXProject section */

/* Begin PBXResourcesBuildPhase section */
		6547061E2C62F2290046A442 /* Resources */ = {
			isa = PBXResourcesBuildPhase;
			buildActionMask = 2147483647;
			files = (
				6547062B2C62F22A0046A442 /* Preview Assets.xcassets in Resources */,
				654706282C62F22A0046A442 /* Assets.xcassets in Resources */,
			);
			runOnlyForDeploymentPostprocessing = 0;
		};
/* End PBXResourcesBuildPhase section */

/* Begin PBXSourcesBuildPhase section */
		6547061C2C62F2290046A442 /* Sources */ = {
			isa = PBXSourcesBuildPhase;
			buildActionMask = 2147483647;
			files = (
				654706342C6372E90046A442 /* BarItem.swift in Sources */,
				65634FF92C697D8500145B7C /* SettingsView.swift in Sources */,
				654706322C636FCC0046A442 /* ViewModel.swift in Sources */,
				65634FCD2C656ABE00145B7C /* TabItem.swift in Sources */,
				65634FD52C65746900145B7C /* BarItemsView.swift in Sources */,
				65634FD72C65748200145B7C /* TabItemsView.swift in Sources */,
				654706242C62F2290046A442 /* RoseAndCrownApp.swift in Sources */,
				65634FD32C65726D00145B7C /* InitialView.swift in Sources */,
			);
			runOnlyForDeploymentPostprocessing = 0;
		};
/* End PBXSourcesBuildPhase section */

/* Begin XCBuildConfiguration section */
		6547062C2C62F22A0046A442 /* Debug */ = {
			isa = XCBuildConfiguration;
			buildSettings = {
				ALWAYS_SEARCH_USER_PATHS = NO;
				ASSETCATALOG_COMPILER_GENERATE_SWIFT_ASSET_SYMBOL_EXTENSIONS = YES;
				CLANG_ANALYZER_NONNULL = YES;
				CLANG_ANALYZER_NUMBER_OBJECT_CONVERSION = YES_AGGRESSIVE;
				CLANG_CXX_LANGUAGE_STANDARD = "gnu++20";
				CLANG_ENABLE_MODULES = YES;
				CLANG_ENABLE_OBJC_ARC = YES;
				CLANG_ENABLE_OBJC_WEAK = YES;
				CLANG_WARN_BLOCK_CAPTURE_AUTORELEASING = YES;
				CLANG_WARN_BOOL_CONVERSION = YES;
				CLANG_WARN_COMMA = YES;
				CLANG_WARN_CONSTANT_CONVERSION = YES;
				CLANG_WARN_DEPRECATED_OBJC_IMPLEMENTATIONS = YES;
				CLANG_WARN_DIRECT_OBJC_ISA_USAGE = YES_ERROR;
				CLANG_WARN_DOCUMENTATION_COMMENTS = YES;
				CLANG_WARN_EMPTY_BODY = YES;
				CLANG_WARN_ENUM_CONVERSION = YES;
				CLANG_WARN_INFINITE_RECURSION = YES;
				CLANG_WARN_INT_CONVERSION = YES;
				CLANG_WARN_NON_LITERAL_NULL_CONVERSION = YES;
				CLANG_WARN_OBJC_IMPLICIT_RETAIN_SELF = YES;
				CLANG_WARN_OBJC_LITERAL_CONVERSION = YES;
				CLANG_WARN_OBJC_ROOT_CLASS = YES_ERROR;
				CLANG_WARN_QUOTED_INCLUDE_IN_FRAMEWORK_HEADER = YES;
				CLANG_WARN_RANGE_LOOP_ANALYSIS = YES;
				CLANG_WARN_STRICT_PROTOTYPES = YES;
				CLANG_WARN_SUSPICIOUS_MOVE = YES;
				CLANG_WARN_UNGUARDED_AVAILABILITY = YES_AGGRESSIVE;
				CLANG_WARN_UNREACHABLE_CODE = YES;
				CLANG_WARN__DUPLICATE_METHOD_MATCH = YES;
				COPY_PHASE_STRIP = NO;
				DEBUG_INFORMATION_FORMAT = dwarf;
				ENABLE_STRICT_OBJC_MSGSEND = YES;
				ENABLE_TESTABILITY = YES;
				ENABLE_USER_SCRIPT_SANDBOXING = YES;
				GCC_C_LANGUAGE_STANDARD = gnu17;
				GCC_DYNAMIC_NO_PIC = NO;
				GCC_NO_COMMON_BLOCKS = YES;
				GCC_OPTIMIZATION_LEVEL = 0;
				GCC_PREPROCESSOR_DEFINITIONS = (
					"DEBUG=1",
					"$(inherited)",
				);
				GCC_WARN_64_TO_32_BIT_CONVERSION = YES;
				GCC_WARN_ABOUT_RETURN_TYPE = YES_ERROR;
				GCC_WARN_UNDECLARED_SELECTOR = YES;
				GCC_WARN_UNINITIALIZED_AUTOS = YES_AGGRESSIVE;
				GCC_WARN_UNUSED_FUNCTION = YES;
				GCC_WARN_UNUSED_VARIABLE = YES;
				IPHONEOS_DEPLOYMENT_TARGET = 17.5;
				LOCALIZATION_PREFERS_STRING_CATALOGS = YES;
				MTL_ENABLE_DEBUG_INFO = INCLUDE_SOURCE;
				MTL_FAST_MATH = YES;
				ONLY_ACTIVE_ARCH = YES;
				SDKROOT = iphoneos;
				SWIFT_ACTIVE_COMPILATION_CONDITIONS = "DEBUG $(inherited)";
				SWIFT_OPTIMIZATION_LEVEL = "-Onone";
			};
			name = Debug;
		};
		6547062D2C62F22A0046A442 /* Release */ = {
			isa = XCBuildConfiguration;
			buildSettings = {
				ALWAYS_SEARCH_USER_PATHS = NO;
				ASSETCATALOG_COMPILER_GENERATE_SWIFT_ASSET_SYMBOL_EXTENSIONS = YES;
				CLANG_ANALYZER_NONNULL = YES;
				CLANG_ANALYZER_NUMBER_OBJECT_CONVERSION = YES_AGGRESSIVE;
				CLANG_CXX_LANGUAGE_STANDARD = "gnu++20";
				CLANG_ENABLE_MODULES = YES;
				CLANG_ENABLE_OBJC_ARC = YES;
				CLANG_ENABLE_OBJC_WEAK = YES;
				CLANG_WARN_BLOCK_CAPTURE_AUTORELEASING = YES;
				CLANG_WARN_BOOL_CONVERSION = YES;
				CLANG_WARN_COMMA = YES;
				CLANG_WARN_CONSTANT_CONVERSION = YES;
				CLANG_WARN_DEPRECATED_OBJC_IMPLEMENTATIONS = YES;
				CLANG_WARN_DIRECT_OBJC_ISA_USAGE = YES_ERROR;
				CLANG_WARN_DOCUMENTATION_COMMENTS = YES;
				CLANG_WARN_EMPTY_BODY = YES;
				CLANG_WARN_ENUM_CONVERSION = YES;
				CLANG_WARN_INFINITE_RECURSION = YES;
				CLANG_WARN_INT_CONVERSION = YES;
				CLANG_WARN_NON_LITERAL_NULL_CONVERSION = YES;
				CLANG_WARN_OBJC_IMPLICIT_RETAIN_SELF = YES;
				CLANG_WARN_OBJC_LITERAL_CONVERSION = YES;
				CLANG_WARN_OBJC_ROOT_CLASS = YES_ERROR;
				CLANG_WARN_QUOTED_INCLUDE_IN_FRAMEWORK_HEADER = YES;
				CLANG_WARN_RANGE_LOOP_ANALYSIS = YES;
				CLANG_WARN_STRICT_PROTOTYPES = YES;
				CLANG_WARN_SUSPICIOUS_MOVE = YES;
				CLANG_WARN_UNGUARDED_AVAILABILITY = YES_AGGRESSIVE;
				CLANG_WARN_UNREACHABLE_CODE = YES;
				CLANG_WARN__DUPLICATE_METHOD_MATCH = YES;
				COPY_PHASE_STRIP = NO;
				DEBUG_INFORMATION_FORMAT = "dwarf-with-dsym";
				ENABLE_NS_ASSERTIONS = NO;
				ENABLE_STRICT_OBJC_MSGSEND = YES;
				ENABLE_USER_SCRIPT_SANDBOXING = YES;
				GCC_C_LANGUAGE_STANDARD = gnu17;
				GCC_NO_COMMON_BLOCKS = YES;
				GCC_WARN_64_TO_32_BIT_CONVERSION = YES;
				GCC_WARN_ABOUT_RETURN_TYPE = YES_ERROR;
				GCC_WARN_UNDECLARED_SELECTOR = YES;
				GCC_WARN_UNINITIALIZED_AUTOS = YES_AGGRESSIVE;
				GCC_WARN_UNUSED_FUNCTION = YES;
				GCC_WARN_UNUSED_VARIABLE = YES;
				IPHONEOS_DEPLOYMENT_TARGET = 17.5;
				LOCALIZATION_PREFERS_STRING_CATALOGS = YES;
				MTL_ENABLE_DEBUG_INFO = NO;
				MTL_FAST_MATH = YES;
				SDKROOT = iphoneos;
				SWIFT_COMPILATION_MODE = wholemodule;
				VALIDATE_PRODUCT = YES;
			};
			name = Release;
		};
		6547062F2C62F22A0046A442 /* Debug */ = {
			isa = XCBuildConfiguration;
			buildSettings = {
				ASSETCATALOG_COMPILER_APPICON_NAME = AppIcon;
				ASSETCATALOG_COMPILER_GLOBAL_ACCENT_COLOR_NAME = AccentColor;
				CODE_SIGN_STYLE = Automatic;
				CURRENT_PROJECT_VERSION = 1;
				DEVELOPMENT_ASSET_PATHS = "\"RoseAndCrown/Preview Content\"";
				DEVELOPMENT_TEAM = 93V8HP98P5;
				ENABLE_PREVIEWS = YES;
				GENERATE_INFOPLIST_FILE = YES;
				INFOPLIST_KEY_UIApplicationSceneManifest_Generation = YES;
				INFOPLIST_KEY_UIApplicationSupportsIndirectInputEvents = YES;
				INFOPLIST_KEY_UILaunchScreen_Generation = YES;
				INFOPLIST_KEY_UISupportedInterfaceOrientations_iPad = "UIInterfaceOrientationPortrait UIInterfaceOrientationPortraitUpsideDown UIInterfaceOrientationLandscapeLeft UIInterfaceOrientationLandscapeRight";
				INFOPLIST_KEY_UISupportedInterfaceOrientations_iPhone = "UIInterfaceOrientationPortrait UIInterfaceOrientationLandscapeLeft UIInterfaceOrientationLandscapeRight";
				LD_RUNPATH_SEARCH_PATHS = (
					"$(inherited)",
					"@executable_path/Frameworks",
				);
				MARKETING_VERSION = 1.0;
				PRODUCT_BUNDLE_IDENTIFIER = com.cruiseqe2.RoseAndCrown;
				PRODUCT_NAME = "$(TARGET_NAME)";
				SWIFT_EMIT_LOC_STRINGS = YES;
				SWIFT_VERSION = 5.0;
				TARGETED_DEVICE_FAMILY = "1,2";
			};
			name = Debug;
		};
		654706302C62F22A0046A442 /* Release */ = {
			isa = XCBuildConfiguration;
			buildSettings = {
				ASSETCATALOG_COMPILER_APPICON_NAME = AppIcon;
				ASSETCATALOG_COMPILER_GLOBAL_ACCENT_COLOR_NAME = AccentColor;
				CODE_SIGN_STYLE = Automatic;
				CURRENT_PROJECT_VERSION = 1;
				DEVELOPMENT_ASSET_PATHS = "\"RoseAndCrown/Preview Content\"";
				DEVELOPMENT_TEAM = 93V8HP98P5;
				ENABLE_PREVIEWS = YES;
				GENERATE_INFOPLIST_FILE = YES;
				INFOPLIST_KEY_UIApplicationSceneManifest_Generation = YES;
				INFOPLIST_KEY_UIApplicationSupportsIndirectInputEvents = YES;
				INFOPLIST_KEY_UILaunchScreen_Generation = YES;
				INFOPLIST_KEY_UISupportedInterfaceOrientations_iPad = "UIInterfaceOrientationPortrait UIInterfaceOrientationPortraitUpsideDown UIInterfaceOrientationLandscapeLeft UIInterfaceOrientationLandscapeRight";
				INFOPLIST_KEY_UISupportedInterfaceOrientations_iPhone = "UIInterfaceOrientationPortrait UIInterfaceOrientationLandscapeLeft UIInterfaceOrientationLandscapeRight";
				LD_RUNPATH_SEARCH_PATHS = (
					"$(inherited)",
					"@executable_path/Frameworks",
				);
				MARKETING_VERSION = 1.0;
				PRODUCT_BUNDLE_IDENTIFIER = com.cruiseqe2.RoseAndCrown;
				PRODUCT_NAME = "$(TARGET_NAME)";
				SWIFT_EMIT_LOC_STRINGS = YES;
				SWIFT_VERSION = 5.0;
				TARGETED_DEVICE_FAMILY = "1,2";
			};
			name = Release;
		};
/* End XCBuildConfiguration section */

/* Begin XCConfigurationList section */
		6547061B2C62F2290046A442 /* Build configuration list for PBXProject "RoseAndCrown" */ = {
			isa = XCConfigurationList;
			buildConfigurations = (
				6547062C2C62F22A0046A442 /* Debug */,
				6547062D2C62F22A0046A442 /* Release */,
			);
			defaultConfigurationIsVisible = 0;
			defaultConfigurationName = Release;
		};
		6547062E2C62F22A0046A442 /* Build configuration list for PBXNativeTarget "RoseAndCrown" */ = {
			isa = XCConfigurationList;
			buildConfigurations = (
				6547062F2C62F22A0046A442 /* Debug */,
				654706302C62F22A0046A442 /* Release */,
			);
			defaultConfigurationIsVisible = 0;
			defaultConfigurationName = Release;
		};
/* End XCConfigurationList section */
	};
	rootObject = 654706182C62F2290046A442 /* Project object */;
}
